{
    "version": 3,
    "terraform_version": "0.11.10",
    "serial": 1,
    "lineage": "e9bf93d6-693c-bd84-5d1d-0badfced50db",
    "modules": [
        {
            "path": [
                "root"
            ],
            "outputs": {},
            "resources": {
                "aws_dynamodb_table.terraform": {
                    "type": "aws_dynamodb_table",
                    "depends_on": [],
                    "primary": {
                        "id": "terraform_django_demo",
                        "attributes": {
                            "arn": "arn:aws:dynamodb:us-west-2:102034828053:table/terraform_django_demo",
                            "attribute.#": "1",
                            "attribute.2068930648.name": "LockID",
                            "attribute.2068930648.type": "S",
                            "global_secondary_index.#": "0",
                            "hash_key": "LockID",
                            "id": "terraform_django_demo",
                            "local_secondary_index.#": "0",
                            "name": "terraform_django_demo",
                            "point_in_time_recovery.#": "1",
                            "point_in_time_recovery.0.enabled": "false",
                            "read_capacity": "5",
                            "server_side_encryption.#": "0",
                            "stream_arn": "",
                            "stream_enabled": "false",
                            "stream_label": "",
                            "stream_view_type": "",
                            "tags.%": "0",
                            "ttl.#": "0",
                            "write_capacity": "5"
                        },
                        "meta": {
                            "e2bfb730-ecaa-11e6-8f88-34363bc7c4c0": {
                                "create": 600000000000,
                                "delete": 600000000000,
                                "update": 600000000000
                            },
                            "schema_version": "1"
                        },
                        "tainted": false
                    },
                    "deposed": [],
                    "provider": "provider.aws"
                },
                "aws_s3_bucket.terraform": {
                    "type": "aws_s3_bucket",
                    "depends_on": [],
                    "primary": {
                        "id": "com.clintonblackburn.django-demo.terraform",
                        "attributes": {
                            "acceleration_status": "",
                            "acl": "private",
                            "arn": "arn:aws:s3:::com.clintonblackburn.django-demo.terraform",
                            "bucket": "com.clintonblackburn.django-demo.terraform",
                            "bucket_domain_name": "com.clintonblackburn.django-demo.terraform.s3.amazonaws.com",
                            "bucket_regional_domain_name": "com.clintonblackburn.django-demo.terraform.s3.us-west-2.amazonaws.com",
                            "cors_rule.#": "0",
                            "force_destroy": "false",
                            "hosted_zone_id": "Z3BJ6K6RIION7M",
                            "id": "com.clintonblackburn.django-demo.terraform",
                            "lifecycle_rule.#": "0",
                            "logging.#": "0",
                            "region": "us-west-2",
                            "replication_configuration.#": "0",
                            "request_payer": "BucketOwner",
                            "server_side_encryption_configuration.#": "0",
                            "tags.%": "1",
                            "tags.Name": "django-demo Terraform State Store",
                            "versioning.#": "1",
                            "versioning.0.enabled": "true",
                            "versioning.0.mfa_delete": "false",
                            "website.#": "0"
                        },
                        "meta": {},
                        "tainted": false
                    },
                    "deposed": [],
                    "provider": "provider.aws"
                }
            },
            "depends_on": []
        }
    ]
}
