{
    "version": 3,
    "terraform_version": "0.11.10",
    "serial": 45,
    "lineage": "00dddf40-abd3-f918-95f5-48f9b438891b",
    "modules": [
        {
            "path": [
                "root"
            ],
            "outputs": {},
            "resources": {
                "aws_acm_certificate.cert": {
                    "type": "aws_acm_certificate",
                    "depends_on": [],
                    "primary": {
                        "id": "arn:aws:acm:us-west-2:102034828053:certificate/b62d4c0a-7d78-41ab-9659-225e3abce04d",
                        "attributes": {
                            "arn": "arn:aws:acm:us-west-2:102034828053:certificate/b62d4c0a-7d78-41ab-9659-225e3abce04d",
                            "domain_name": "django-demo.clintonblackburn.com",
                            "domain_validation_options.#": "1",
                            "domain_validation_options.0.domain_name": "django-demo.clintonblackburn.com",
                            "domain_validation_options.0.resource_record_name": "_3db6a0225888cf78dee3bb83f8f23668.django-demo.clintonblackburn.com.",
                            "domain_validation_options.0.resource_record_type": "CNAME",
                            "domain_validation_options.0.resource_record_value": "_7a60417694b0f7dc56ee6d966c1673bb.tljzshvwok.acm-validations.aws.",
                            "id": "arn:aws:acm:us-west-2:102034828053:certificate/b62d4c0a-7d78-41ab-9659-225e3abce04d",
                            "subject_alternative_names.#": "0",
                            "tags.%": "0",
                            "validation_emails.#": "0",
                            "validation_method": "DNS"
                        },
                        "meta": {},
                        "tainted": false
                    },
                    "deposed": [],
                    "provider": "provider.aws"
                },
                "aws_acm_certificate_validation.cert": {
                    "type": "aws_acm_certificate_validation",
                    "depends_on": [
                        "aws_acm_certificate.cert",
                        "aws_route53_record.cert_validation"
                    ],
                    "primary": {
                        "id": "2018-11-25 00:52:24 +0000 UTC",
                        "attributes": {
                            "certificate_arn": "arn:aws:acm:us-west-2:102034828053:certificate/b62d4c0a-7d78-41ab-9659-225e3abce04d",
                            "id": "2018-11-25 00:52:24 +0000 UTC",
                            "validation_record_fqdns.#": "1",
                            "validation_record_fqdns.1829178238": "_3db6a0225888cf78dee3bb83f8f23668.django-demo.clintonblackburn.com"
                        },
                        "meta": {
                            "e2bfb730-ecaa-11e6-8f88-34363bc7c4c0": {
                                "create": 2700000000000
                            }
                        },
                        "tainted": false
                    },
                    "deposed": [],
                    "provider": "provider.aws"
                },
                "aws_route53_record.cert_validation": {
                    "type": "aws_route53_record",
                    "depends_on": [
                        "aws_acm_certificate.cert",
                        "aws_route53_zone.zone"
                    ],
                    "primary": {
                        "id": "Z19PS2I87US80Z__3db6a0225888cf78dee3bb83f8f23668.django-demo.clintonblackburn.com._CNAME",
                        "attributes": {
                            "allow_overwrite": "true",
                            "fqdn": "_3db6a0225888cf78dee3bb83f8f23668.django-demo.clintonblackburn.com",
                            "health_check_id": "",
                            "id": "Z19PS2I87US80Z__3db6a0225888cf78dee3bb83f8f23668.django-demo.clintonblackburn.com._CNAME",
                            "name": "_3db6a0225888cf78dee3bb83f8f23668.django-demo.clintonblackburn.com",
                            "records.#": "1",
                            "records.120516006": "_7a60417694b0f7dc56ee6d966c1673bb.tljzshvwok.acm-validations.aws.",
                            "set_identifier": "",
                            "ttl": "60",
                            "type": "CNAME",
                            "zone_id": "Z19PS2I87US80Z"
                        },
                        "meta": {
                            "schema_version": "2"
                        },
                        "tainted": false
                    },
                    "deposed": [],
                    "provider": "provider.aws"
                },
                "aws_route53_zone.zone": {
                    "type": "aws_route53_zone",
                    "depends_on": [],
                    "primary": {
                        "id": "Z19PS2I87US80Z",
                        "attributes": {
                            "comment": "Managed by Terraform",
                            "delegation_set_id": "",
                            "force_destroy": "false",
                            "id": "Z19PS2I87US80Z",
                            "name": "django-demo.clintonblackburn.com.",
                            "name_servers.#": "4",
                            "name_servers.0": "ns-1286.awsdns-32.org",
                            "name_servers.1": "ns-2040.awsdns-63.co.uk",
                            "name_servers.2": "ns-408.awsdns-51.com",
                            "name_servers.3": "ns-899.awsdns-48.net",
                            "tags.%": "0",
                            "vpc.#": "0",
                            "vpc_id": "",
                            "vpc_region": "",
                            "zone_id": "Z19PS2I87US80Z"
                        },
                        "meta": {},
                        "tainted": false
                    },
                    "deposed": [],
                    "provider": "provider.aws"
                }
            },
            "depends_on": []
        },
        {
            "path": [
                "root",
                "application_cluster"
            ],
            "outputs": {},
            "resources": {
                "aws_db_instance.database": {
                    "type": "aws_db_instance",
                    "depends_on": [],
                    "primary": {
                        "id": "django-demo-production",
                        "attributes": {
                            "address": "django-demo-production.cbbm56fw3gx6.us-west-2.rds.amazonaws.com",
                            "allocated_storage": "20",
                            "arn": "arn:aws:rds:us-west-2:102034828053:db:django-demo-production",
                            "auto_minor_version_upgrade": "true",
                            "availability_zone": "us-west-2a",
                            "backup_retention_period": "0",
                            "backup_window": "07:28-07:58",
                            "ca_cert_identifier": "rds-ca-2015",
                            "copy_tags_to_snapshot": "false",
                            "db_subnet_group_name": "default",
                            "deletion_protection": "false",
                            "domain": "",
                            "domain_iam_role_name": "",
                            "enabled_cloudwatch_logs_exports.#": "0",
                            "endpoint": "django-demo-production.cbbm56fw3gx6.us-west-2.rds.amazonaws.com:5432",
                            "engine": "postgres",
                            "engine_version": "10.5",
                            "final_snapshot_identifier": "django-demo-production-final",
                            "hosted_zone_id": "Z1PVIF0B656C1W",
                            "iam_database_authentication_enabled": "false",
                            "id": "django-demo-production",
                            "identifier": "django-demo-production",
                            "instance_class": "db.t2.micro",
                            "iops": "0",
                            "kms_key_id": "",
                            "license_model": "postgresql-license",
                            "maintenance_window": "thu:06:03-thu:06:33",
                            "monitoring_interval": "0",
                            "multi_az": "false",
                            "name": "djangodemo",
                            "option_group_name": "default:postgres-10",
                            "parameter_group_name": "default.postgres10",
                            "password": "foobarbaz",
                            "port": "5432",
                            "publicly_accessible": "false",
                            "replicas.#": "0",
                            "replicate_source_db": "",
                            "resource_id": "db-DBO7UDULA536GFDLX27DAHK5YI",
                            "security_group_names.#": "0",
                            "skip_final_snapshot": "false",
                            "status": "available",
                            "storage_encrypted": "false",
                            "storage_type": "gp2",
                            "tags.%": "0",
                            "timezone": "",
                            "username": "djangodemo",
                            "vpc_security_group_ids.#": "1",
                            "vpc_security_group_ids.33579513": "sg-eeb09b8a"
                        },
                        "meta": {
                            "e2bfb730-ecaa-11e6-8f88-34363bc7c4c0": {
                                "create": 2400000000000,
                                "delete": 2400000000000,
                                "update": 4800000000000
                            }
                        },
                        "tainted": false
                    },
                    "deposed": [],
                    "provider": "provider.aws"
                },
                "aws_elastic_beanstalk_application.application": {
                    "type": "aws_elastic_beanstalk_application",
                    "depends_on": [],
                    "primary": {
                        "id": "django-demo",
                        "attributes": {
                            "appversion_lifecycle.#": "0",
                            "description": "",
                            "id": "django-demo",
                            "name": "django-demo"
                        },
                        "meta": {},
                        "tainted": false
                    },
                    "deposed": [],
                    "provider": "provider.aws"
                },
                "aws_elastic_beanstalk_environment.environment": {
                    "type": "aws_elastic_beanstalk_environment",
                    "depends_on": [
                        "aws_db_instance.database"
                    ],
                    "primary": {
                        "id": "e-xk2m3bm6mc",
                        "attributes": {
                            "all_settings.#": "107",
                            "all_settings.1036703857.name": "EvaluationPeriods",
                            "all_settings.1036703857.namespace": "aws:autoscaling:trigger",
                            "all_settings.1036703857.resource": "",
                            "all_settings.1036703857.value": "1",
                            "all_settings.1055035439.name": "RootVolumeType",
                            "all_settings.1055035439.namespace": "aws:autoscaling:launchconfiguration",
                            "all_settings.1055035439.resource": "",
                            "all_settings.1055035439.value": "",
                            "all_settings.1129456916.name": "Rules",
                            "all_settings.1129456916.namespace": "aws:elbv2:listener:443",
                            "all_settings.1129456916.resource": "",
                            "all_settings.1129456916.value": "",
                            "all_settings.1152947525.name": "HealthStreamingEnabled",
                            "all_settings.1152947525.namespace": "aws:elasticbeanstalk:cloudwatch:logs:health",
                            "all_settings.1152947525.resource": "",
                            "all_settings.1152947525.value": "false",
                            "all_settings.1194166391.name": "BlockDeviceMappings",
                            "all_settings.1194166391.namespace": "aws:autoscaling:launchconfiguration",
                            "all_settings.1194166391.resource": "",
                            "all_settings.1194166391.value": "/dev/xvdcz=:12:true:gp2",
                            "all_settings.1225551841.name": "Availability Zones",
                            "all_settings.1225551841.namespace": "aws:autoscaling:asg",
                            "all_settings.1225551841.resource": "",
                            "all_settings.1225551841.value": "Any",
                            "all_settings.1245515317.name": "SECRET_KEY",
                            "all_settings.1245515317.namespace": "aws:elasticbeanstalk:application:environment",
                            "all_settings.1245515317.resource": "",
                            "all_settings.1245515317.value": "fake",
                            "all_settings.1311926541.name": "RollingUpdateEnabled",
                            "all_settings.1311926541.namespace": "aws:autoscaling:updatepolicy:rollingupdate",
                            "all_settings.1311926541.resource": "",
                            "all_settings.1311926541.value": "true",
                            "all_settings.1356267490.name": "SSLCertificateArns",
                            "all_settings.1356267490.namespace": "aws:elbv2:listener:443",
                            "all_settings.1356267490.resource": "",
                            "all_settings.1356267490.value": "arn:aws:acm:us-west-2:102034828053:certificate/b62d4c0a-7d78-41ab-9659-225e3abce04d",
                            "all_settings.1384328253.name": "ELBScheme",
                            "all_settings.1384328253.namespace": "aws:ec2:vpc",
                            "all_settings.1384328253.resource": "",
                            "all_settings.1384328253.value": "public",
                            "all_settings.1418450284.name": "AssociatePublicIpAddress",
                            "all_settings.1418450284.namespace": "aws:ec2:vpc",
                            "all_settings.1418450284.resource": "",
                            "all_settings.1418450284.value": "",
                            "all_settings.1486045343.name": "UnhealthyThresholdCount",
                            "all_settings.1486045343.namespace": "aws:elasticbeanstalk:environment:process:default",
                            "all_settings.1486045343.resource": "",
                            "all_settings.1486045343.value": "5",
                            "all_settings.1487137936.name": "IgnoreHealthCheck",
                            "all_settings.1487137936.namespace": "aws:elasticbeanstalk:command",
                            "all_settings.1487137936.resource": "",
                            "all_settings.1487137936.value": "false",
                            "all_settings.1489044155.name": "DeregistrationDelay",
                            "all_settings.1489044155.namespace": "aws:elasticbeanstalk:environment:process:default",
                            "all_settings.1489044155.resource": "",
                            "all_settings.1489044155.value": "20",
                            "all_settings.1584820072.name": "Custom Availability Zones",
                            "all_settings.1584820072.namespace": "aws:autoscaling:asg",
                            "all_settings.1584820072.resource": "",
                            "all_settings.1584820072.value": "",
                            "all_settings.1638443858.name": "SSLPolicy",
                            "all_settings.1638443858.namespace": "aws:elbv2:listener:443",
                            "all_settings.1638443858.resource": "",
                            "all_settings.1638443858.value": "",
                            "all_settings.172574382.name": "HooksPkgUrl",
                            "all_settings.172574382.namespace": "aws:cloudformation:template:parameter",
                            "all_settings.172574382.resource": "",
                            "all_settings.172574382.value": "https://s3.dualstack.us-west-2.amazonaws.com/elasticbeanstalk-env-resources-us-west-2/stalks/eb_docker_4.2.1.200570.0/lib/hooks.tar.gz",
                            "all_settings.1753983171.name": "Port",
                            "all_settings.1753983171.namespace": "aws:elasticbeanstalk:environment:process:default",
                            "all_settings.1753983171.resource": "",
                            "all_settings.1753983171.value": "80",
                            "all_settings.1760653385.name": "Application Healthcheck URL",
                            "all_settings.1760653385.namespace": "aws:elasticbeanstalk:application",
                            "all_settings.1760653385.resource": "",
                            "all_settings.1760653385.value": "/health/",
                            "all_settings.1824390401.name": "Notification Topic ARN",
                            "all_settings.1824390401.namespace": "aws:elasticbeanstalk:sns:topics",
                            "all_settings.1824390401.resource": "",
                            "all_settings.1824390401.value": "",
                            "all_settings.1853127076.name": "Notification Endpoint",
                            "all_settings.1853127076.namespace": "aws:elasticbeanstalk:sns:topics",
                            "all_settings.1853127076.resource": "",
                            "all_settings.1853127076.value": "",
                            "all_settings.1865048766.name": "LogPublicationControl",
                            "all_settings.1865048766.namespace": "aws:elasticbeanstalk:hostmanager",
                            "all_settings.1865048766.resource": "",
                            "all_settings.1865048766.value": "true",
                            "all_settings.2069749971.name": "ProxyServer",
                            "all_settings.2069749971.namespace": "aws:elasticbeanstalk:environment:proxy",
                            "all_settings.2069749971.resource": "",
                            "all_settings.2069749971.value": "nginx",
                            "all_settings.2071927441.name": "ELBSubnets",
                            "all_settings.2071927441.namespace": "aws:ec2:vpc",
                            "all_settings.2071927441.resource": "",
                            "all_settings.2071927441.value": "",
                            "all_settings.2207438838.name": "MinInstancesInService",
                            "all_settings.2207438838.namespace": "aws:autoscaling:updatepolicy:rollingupdate",
                            "all_settings.2207438838.resource": "",
                            "all_settings.2207438838.value": "1",
                            "all_settings.2210680385.name": "LaunchType",
                            "all_settings.2210680385.namespace": "aws:elasticbeanstalk:control",
                            "all_settings.2210680385.resource": "",
                            "all_settings.2210680385.value": "Migration",
                            "all_settings.2308210129.name": "Subnets",
                            "all_settings.2308210129.namespace": "aws:ec2:vpc",
                            "all_settings.2308210129.resource": "",
                            "all_settings.2308210129.value": "",
                            "all_settings.2339427870.name": "ListenerEnabled",
                            "all_settings.2339427870.namespace": "aws:elbv2:listener:443",
                            "all_settings.2339427870.resource": "",
                            "all_settings.2339427870.value": "true",
                            "all_settings.2343786000.name": "HealthCheckPath",
                            "all_settings.2343786000.namespace": "aws:elasticbeanstalk:environment:process:default",
                            "all_settings.2343786000.resource": "",
                            "all_settings.2343786000.value": "/health/",
                            "all_settings.2361522594.name": "DeleteOnTerminate",
                            "all_settings.2361522594.namespace": "aws:elasticbeanstalk:cloudwatch:logs:health",
                            "all_settings.2361522594.resource": "",
                            "all_settings.2361522594.value": "false",
                            "all_settings.2378924418.name": "PreferredStartTime",
                            "all_settings.2378924418.namespace": "aws:elasticbeanstalk:managedactions",
                            "all_settings.2378924418.resource": "",
                            "all_settings.2378924418.value": "",
                            "all_settings.2395212047.name": "IamInstanceProfile",
                            "all_settings.2395212047.namespace": "aws:autoscaling:launchconfiguration",
                            "all_settings.2395212047.resource": "",
                            "all_settings.2395212047.value": "aws-elasticbeanstalk-ec2-role",
                            "all_settings.2396587397.name": "MinSize",
                            "all_settings.2396587397.namespace": "aws:autoscaling:asg",
                            "all_settings.2396587397.resource": "",
                            "all_settings.2396587397.value": "1",
                            "all_settings.2402433859.name": "Period",
                            "all_settings.2402433859.namespace": "aws:autoscaling:trigger",
                            "all_settings.2402433859.resource": "",
                            "all_settings.2402433859.value": "5",
                            "all_settings.240742627.name": "UpperBreachScaleIncrement",
                            "all_settings.240742627.namespace": "aws:autoscaling:trigger",
                            "all_settings.240742627.resource": "",
                            "all_settings.240742627.value": "1",
                            "all_settings.2420299722.name": "SystemType",
                            "all_settings.2420299722.namespace": "aws:elasticbeanstalk:healthreporting:system",
                            "all_settings.2420299722.resource": "",
                            "all_settings.2420299722.value": "enhanced",
                            "all_settings.2452897580.name": "ListenerEnabled",
                            "all_settings.2452897580.namespace": "aws:elbv2:listener:default",
                            "all_settings.2452897580.resource": "",
                            "all_settings.2452897580.value": "true",
                            "all_settings.2521334252.name": "InstanceRefreshEnabled",
                            "all_settings.2521334252.namespace": "aws:elasticbeanstalk:managedactions:platformupdate",
                            "all_settings.2521334252.resource": "",
                            "all_settings.2521334252.value": "false",
                            "all_settings.2562018288.name": "Protocol",
                            "all_settings.2562018288.namespace": "aws:elbv2:listener:default",
                            "all_settings.2562018288.resource": "",
                            "all_settings.2562018288.value": "HTTP",
                            "all_settings.2578083670.name": "InstancePort",
                            "all_settings.2578083670.namespace": "aws:cloudformation:template:parameter",
                            "all_settings.2578083670.resource": "",
                            "all_settings.2578083670.value": "80",
                            "all_settings.2729550507.name": "EC2KeyName",
                            "all_settings.2729550507.namespace": "aws:autoscaling:launchconfiguration",
                            "all_settings.2729550507.resource": "",
                            "all_settings.2729550507.value": "aws-personal",
                            "all_settings.278953024.name": "SecurityGroups",
                            "all_settings.278953024.namespace": "aws:autoscaling:launchconfiguration",
                            "all_settings.278953024.resource": "",
                            "all_settings.278953024.value": "default",
                            "all_settings.2824564098.name": "RollingUpdateType",
                            "all_settings.2824564098.namespace": "aws:autoscaling:updatepolicy:rollingupdate",
                            "all_settings.2824564098.resource": "",
                            "all_settings.2824564098.value": "Time",
                            "all_settings.2929485696.name": "EnvironmentType",
                            "all_settings.2929485696.namespace": "aws:elasticbeanstalk:environment",
                            "all_settings.2929485696.resource": "",
                            "all_settings.2929485696.value": "LoadBalanced",
                            "all_settings.2936233364.name": "Protocol",
                            "all_settings.2936233364.namespace": "aws:elbv2:listener:443",
                            "all_settings.2936233364.resource": "",
                            "all_settings.2936233364.value": "HTTPS",
                            "all_settings.3015342560.name": "AccessLogsS3Enabled",
                            "all_settings.3015342560.namespace": "aws:elbv2:loadbalancer",
                            "all_settings.3015342560.resource": "",
                            "all_settings.3015342560.value": "false",
                            "all_settings.3145030458.name": "Rules",
                            "all_settings.3145030458.namespace": "aws:elbv2:listener:default",
                            "all_settings.3145030458.resource": "",
                            "all_settings.3145030458.value": "",
                            "all_settings.3152718484.name": "StickinessLBCookieDuration",
                            "all_settings.3152718484.namespace": "aws:elasticbeanstalk:environment:process:default",
                            "all_settings.3152718484.resource": "",
                            "all_settings.3152718484.value": "86400",
                            "all_settings.3233467645.name": "SSLCertificateArns",
                            "all_settings.3233467645.namespace": "aws:elbv2:listener:default",
                            "all_settings.3233467645.resource": "",
                            "all_settings.3233467645.value": "",
                            "all_settings.3243179558.name": "ExternalExtensionsS3Key",
                            "all_settings.3243179558.namespace": "aws:elasticbeanstalk:environment",
                            "all_settings.3243179558.resource": "",
                            "all_settings.3243179558.value": "",
                            "all_settings.3263411188.name": "RootVolumeIOPS",
                            "all_settings.3263411188.namespace": "aws:autoscaling:launchconfiguration",
                            "all_settings.3263411188.resource": "",
                            "all_settings.3263411188.value": "",
                            "all_settings.3300799582.name": "RetentionInDays",
                            "all_settings.3300799582.namespace": "aws:elasticbeanstalk:cloudwatch:logs",
                            "all_settings.3300799582.resource": "",
                            "all_settings.3300799582.value": "90",
                            "all_settings.3305636593.name": "UpperThreshold",
                            "all_settings.3305636593.namespace": "aws:autoscaling:trigger",
                            "all_settings.3305636593.resource": "",
                            "all_settings.3305636593.value": "6000000",
                            "all_settings.3347481749.name": "AccessLogsS3Prefix",
                            "all_settings.3347481749.namespace": "aws:elbv2:loadbalancer",
                            "all_settings.3347481749.resource": "",
                            "all_settings.3347481749.value": "",
                            "all_settings.3354438189.name": "Timeout",
                            "all_settings.3354438189.namespace": "aws:autoscaling:updatepolicy:rollingupdate",
                            "all_settings.3354438189.resource": "",
                            "all_settings.3354438189.value": "PT30M",
                            "all_settings.3396910454.name": "HealthCheckSuccessThreshold",
                            "all_settings.3396910454.namespace": "aws:elasticbeanstalk:healthreporting:system",
                            "all_settings.3396910454.resource": "",
                            "all_settings.3396910454.value": "Ok",
                            "all_settings.3402994671.name": "Statistic",
                            "all_settings.3402994671.namespace": "aws:autoscaling:trigger",
                            "all_settings.3402994671.resource": "",
                            "all_settings.3402994671.value": "Average",
                            "all_settings.3405464736.name": "Protocol",
                            "all_settings.3405464736.namespace": "aws:elasticbeanstalk:environment:process:default",
                            "all_settings.3405464736.resource": "",
                            "all_settings.3405464736.value": "HTTP",
                            "all_settings.3418534524.name": "EnvironmentVariables",
                            "all_settings.3418534524.namespace": "aws:cloudformation:template:parameter",
                            "all_settings.3418534524.resource": "",
                            "all_settings.3418534524.value": "DATABASE_URL=psql://djangodemo:foobarbaz@django-demo-production.cbbm56fw3gx6.us-west-2.rds.amazonaws.com:5432/djangodemo,SECRET_KEY=fake",
                            "all_settings.3438018982.name": "MonitoringInterval",
                            "all_settings.3438018982.namespace": "aws:autoscaling:launchconfiguration",
                            "all_settings.3438018982.resource": "",
                            "all_settings.3438018982.value": "5 minute",
                            "all_settings.3450082806.name": "DeleteOnTerminate",
                            "all_settings.3450082806.namespace": "aws:elasticbeanstalk:cloudwatch:logs",
                            "all_settings.3450082806.resource": "",
                            "all_settings.3450082806.value": "false",
                            "all_settings.3478105888.name": "StreamLogs",
                            "all_settings.3478105888.namespace": "aws:elasticbeanstalk:cloudwatch:logs",
                            "all_settings.3478105888.resource": "",
                            "all_settings.3478105888.value": "true",
                            "all_settings.3496875314.name": "LowerThreshold",
                            "all_settings.3496875314.namespace": "aws:autoscaling:trigger",
                            "all_settings.3496875314.resource": "",
                            "all_settings.3496875314.value": "2000000",
                            "all_settings.3511459446.name": "RootVolumeSize",
                            "all_settings.3511459446.namespace": "aws:autoscaling:launchconfiguration",
                            "all_settings.3511459446.resource": "",
                            "all_settings.3511459446.value": "",
                            "all_settings.3521293720.name": "ServiceRole",
                            "all_settings.3521293720.namespace": "aws:elasticbeanstalk:environment",
                            "all_settings.3521293720.resource": "",
                            "all_settings.3521293720.value": "AWSServiceRoleForElasticBeanstalk",
                            "all_settings.3528519090.name": "MatcherHTTPCode",
                            "all_settings.3528519090.namespace": "aws:elasticbeanstalk:environment:process:default",
                            "all_settings.3528519090.resource": "",
                            "all_settings.3528519090.value": "",
                            "all_settings.3545041252.name": "Unit",
                            "all_settings.3545041252.namespace": "aws:autoscaling:trigger",
                            "all_settings.3545041252.resource": "",
                            "all_settings.3545041252.value": "Bytes",
                            "all_settings.3562806315.name": "InstanceTypeFamily",
                            "all_settings.3562806315.namespace": "aws:cloudformation:template:parameter",
                            "all_settings.3562806315.resource": "",
                            "all_settings.3562806315.value": "t3",
                            "all_settings.3584475532.name": "Notification Topic Name",
                            "all_settings.3584475532.namespace": "aws:elasticbeanstalk:sns:topics",
                            "all_settings.3584475532.resource": "",
                            "all_settings.3584475532.value": "",
                            "all_settings.3603622424.name": "ManagedActionsEnabled",
                            "all_settings.3603622424.namespace": "aws:elasticbeanstalk:managedactions",
                            "all_settings.3603622424.resource": "",
                            "all_settings.3603622424.value": "false",
                            "all_settings.3615826456.name": "ExternalExtensionsS3Bucket",
                            "all_settings.3615826456.namespace": "aws:elasticbeanstalk:environment",
                            "all_settings.3615826456.resource": "",
                            "all_settings.3615826456.value": "",
                            "all_settings.3636142198.name": "HealthyThresholdCount",
                            "all_settings.3636142198.namespace": "aws:elasticbeanstalk:environment:process:default",
                            "all_settings.3636142198.resource": "",
                            "all_settings.3636142198.value": "3",
                            "all_settings.3648591417.name": "Cooldown",
                            "all_settings.3648591417.namespace": "aws:autoscaling:asg",
                            "all_settings.3648591417.resource": "",
                            "all_settings.3648591417.value": "360",
                            "all_settings.3681839360.name": "HealthCheckInterval",
                            "all_settings.3681839360.namespace": "aws:elasticbeanstalk:environment:process:default",
                            "all_settings.3681839360.resource": "",
                            "all_settings.3681839360.value": "15",
                            "all_settings.3705073300.name": "Notification Protocol",
                            "all_settings.3705073300.namespace": "aws:elasticbeanstalk:sns:topics",
                            "all_settings.3705073300.resource": "",
                            "all_settings.3705073300.value": "email",
                            "all_settings.3708017666.name": "LowerBreachScaleIncrement",
                            "all_settings.3708017666.namespace": "aws:autoscaling:trigger",
                            "all_settings.3708017666.resource": "",
                            "all_settings.3708017666.value": "-1",
                            "all_settings.3741351212.name": "IdleTimeout",
                            "all_settings.3741351212.namespace": "aws:elbv2:loadbalancer",
                            "all_settings.3741351212.resource": "",
                            "all_settings.3741351212.value": "",
                            "all_settings.3768277227.name": "ConfigDocument",
                            "all_settings.3768277227.namespace": "aws:elasticbeanstalk:healthreporting:system",
                            "all_settings.3768277227.resource": "",
                            "all_settings.3768277227.value": "{\"Version\":1,\"CloudWatchMetrics\":{\"Instance\":{\"CPUIrq\":null,\"LoadAverage5min\":null,\"ApplicationRequests5xx\":null,\"ApplicationRequests4xx\":null,\"CPUUser\":null,\"LoadAverage1min\":null,\"ApplicationLatencyP50\":null,\"CPUIdle\":null,\"InstanceHealth\":null,\"ApplicationLatencyP95\":null,\"ApplicationLatencyP85\":null,\"RootFilesystemUtil\":null,\"ApplicationLatencyP90\":null,\"CPUSystem\":null,\"ApplicationLatencyP75\":null,\"CPUSoftirq\":null,\"ApplicationLatencyP10\":null,\"ApplicationLatencyP99\":null,\"ApplicationRequestsTotal\":null,\"ApplicationLatencyP99.9\":null,\"ApplicationRequests3xx\":null,\"ApplicationRequests2xx\":null,\"CPUIowait\":null,\"CPUNice\":null},\"Environment\":{\"InstancesSevere\":null,\"InstancesDegraded\":null,\"ApplicationRequests5xx\":null,\"ApplicationRequests4xx\":null,\"ApplicationLatencyP50\":null,\"ApplicationLatencyP95\":null,\"ApplicationLatencyP85\":null,\"InstancesUnknown\":null,\"ApplicationLatencyP90\":null,\"InstancesInfo\":null,\"InstancesPending\":null,\"ApplicationLatencyP75\":null,\"ApplicationLatencyP10\":null,\"ApplicationLatencyP99\":null,\"ApplicationRequestsTotal\":null,\"InstancesNoData\":null,\"ApplicationLatencyP99.9\":null,\"ApplicationRequests3xx\":null,\"ApplicationRequests2xx\":null,\"InstancesOk\":null,\"InstancesWarning\":null}}}",
                            "all_settings.378142286.name": "SSLPolicy",
                            "all_settings.378142286.namespace": "aws:elbv2:listener:default",
                            "all_settings.378142286.resource": "",
                            "all_settings.378142286.value": "",
                            "all_settings.3859948494.name": "RetentionInDays",
                            "all_settings.3859948494.namespace": "aws:elasticbeanstalk:cloudwatch:logs:health",
                            "all_settings.3859948494.resource": "",
                            "all_settings.3859948494.value": "7",
                            "all_settings.3892308011.name": "HealthCheckTimeout",
                            "all_settings.3892308011.namespace": "aws:elasticbeanstalk:environment:process:default",
                            "all_settings.3892308011.resource": "",
                            "all_settings.3892308011.value": "5",
                            "all_settings.3929976136.name": "BatchSize",
                            "all_settings.3929976136.namespace": "aws:elasticbeanstalk:command",
                            "all_settings.3929976136.resource": "",
                            "all_settings.3929976136.value": "100",
                            "all_settings.3949385854.name": "VPCId",
                            "all_settings.3949385854.namespace": "aws:ec2:vpc",
                            "all_settings.3949385854.resource": "",
                            "all_settings.3949385854.value": "",
                            "all_settings.395364208.name": "DefaultProcess",
                            "all_settings.395364208.namespace": "aws:elbv2:listener:default",
                            "all_settings.395364208.resource": "",
                            "all_settings.395364208.value": "default",
                            "all_settings.3954854762.name": "ImageId",
                            "all_settings.3954854762.namespace": "aws:autoscaling:launchconfiguration",
                            "all_settings.3954854762.resource": "",
                            "all_settings.3954854762.value": "ami-0a6127d629a6b6a45",
                            "all_settings.3981805791.name": "Automatically Terminate Unhealthy Instances",
                            "all_settings.3981805791.namespace": "aws:elasticbeanstalk:monitoring",
                            "all_settings.3981805791.resource": "",
                            "all_settings.3981805791.value": "true",
                            "all_settings.4020160483.name": "PauseTime",
                            "all_settings.4020160483.namespace": "aws:autoscaling:updatepolicy:rollingupdate",
                            "all_settings.4020160483.resource": "",
                            "all_settings.4020160483.value": "PT5M30S",
                            "all_settings.4049442346.name": "MeasureName",
                            "all_settings.4049442346.namespace": "aws:autoscaling:trigger",
                            "all_settings.4049442346.resource": "",
                            "all_settings.4049442346.value": "NetworkOut",
                            "all_settings.4064781023.name": "AccessLogsS3Bucket",
                            "all_settings.4064781023.namespace": "aws:elbv2:loadbalancer",
                            "all_settings.4064781023.resource": "",
                            "all_settings.4064781023.value": "",
                            "all_settings.4100247781.name": "BreachDuration",
                            "all_settings.4100247781.namespace": "aws:autoscaling:trigger",
                            "all_settings.4100247781.resource": "",
                            "all_settings.4100247781.value": "5",
                            "all_settings.4136940953.name": "UpdateLevel",
                            "all_settings.4136940953.namespace": "aws:elasticbeanstalk:managedactions:platformupdate",
                            "all_settings.4136940953.resource": "",
                            "all_settings.4136940953.value": "",
                            "all_settings.4167503353.name": "LaunchTimeout",
                            "all_settings.4167503353.namespace": "aws:elasticbeanstalk:control",
                            "all_settings.4167503353.resource": "",
                            "all_settings.4167503353.value": "0",
                            "all_settings.4278593597.name": "LoadBalancerType",
                            "all_settings.4278593597.namespace": "aws:elasticbeanstalk:environment",
                            "all_settings.4278593597.resource": "",
                            "all_settings.4278593597.value": "application",
                            "all_settings.433110370.name": "DefaultSSHPort",
                            "all_settings.433110370.namespace": "aws:elasticbeanstalk:control",
                            "all_settings.433110370.resource": "",
                            "all_settings.433110370.value": "22",
                            "all_settings.493815232.name": "MaxBatchSize",
                            "all_settings.493815232.namespace": "aws:autoscaling:updatepolicy:rollingupdate",
                            "all_settings.493815232.resource": "",
                            "all_settings.493815232.value": "1",
                            "all_settings.502734328.name": "SSHSourceRestriction",
                            "all_settings.502734328.namespace": "aws:autoscaling:launchconfiguration",
                            "all_settings.502734328.resource": "",
                            "all_settings.502734328.value": "tcp,22,22,0.0.0.0/0",
                            "all_settings.521029953.name": "InstanceType",
                            "all_settings.521029953.namespace": "aws:autoscaling:launchconfiguration",
                            "all_settings.521029953.resource": "",
                            "all_settings.521029953.value": "t3.micro",
                            "all_settings.540077731.name": "StickinessType",
                            "all_settings.540077731.namespace": "aws:elasticbeanstalk:environment:process:default",
                            "all_settings.540077731.resource": "",
                            "all_settings.540077731.value": "lb_cookie",
                            "all_settings.590794905.name": "DefaultProcess",
                            "all_settings.590794905.namespace": "aws:elbv2:listener:443",
                            "all_settings.590794905.resource": "",
                            "all_settings.590794905.value": "default",
                            "all_settings.600867921.name": "DATABASE_URL",
                            "all_settings.600867921.namespace": "aws:elasticbeanstalk:application:environment",
                            "all_settings.600867921.resource": "",
                            "all_settings.600867921.value": "psql://djangodemo:foobarbaz@django-demo-production.cbbm56fw3gx6.us-west-2.rds.amazonaws.com:5432/djangodemo",
                            "all_settings.614420664.name": "SecurityGroups",
                            "all_settings.614420664.namespace": "aws:elbv2:loadbalancer",
                            "all_settings.614420664.resource": "",
                            "all_settings.614420664.value": "",
                            "all_settings.666579914.name": "AppSource",
                            "all_settings.666579914.namespace": "aws:cloudformation:template:parameter",
                            "all_settings.666579914.resource": "",
                            "all_settings.666579914.value": "https://s3-us-west-2.amazonaws.com/elasticbeanstalk-samples-us-west-2/docker-sample-v3.zip",
                            "all_settings.693650251.name": "MaxSize",
                            "all_settings.693650251.namespace": "aws:autoscaling:asg",
                            "all_settings.693650251.resource": "",
                            "all_settings.693650251.value": "4",
                            "all_settings.747815089.name": "BatchSizeType",
                            "all_settings.747815089.namespace": "aws:elasticbeanstalk:command",
                            "all_settings.747815089.resource": "",
                            "all_settings.747815089.value": "Percentage",
                            "all_settings.837442677.name": "StickinessEnabled",
                            "all_settings.837442677.namespace": "aws:elasticbeanstalk:environment:process:default",
                            "all_settings.837442677.resource": "",
                            "all_settings.837442677.value": "false",
                            "all_settings.881749867.name": "Timeout",
                            "all_settings.881749867.namespace": "aws:elasticbeanstalk:command",
                            "all_settings.881749867.resource": "",
                            "all_settings.881749867.value": "600",
                            "all_settings.940069638.name": "RollbackLaunchOnFailure",
                            "all_settings.940069638.namespace": "aws:elasticbeanstalk:control",
                            "all_settings.940069638.resource": "",
                            "all_settings.940069638.value": "false",
                            "application": "django-demo",
                            "arn": "arn:aws:elasticbeanstalk:us-west-2:102034828053:environment/django-demo/django-demo-production",
                            "autoscaling_groups.#": "1",
                            "autoscaling_groups.0": "awseb-e-xk2m3bm6mc-stack-AWSEBAutoScalingGroup-GAZUCYSFFK78",
                            "cname": "django-demo-production.upmtvdtwe2.us-west-2.elasticbeanstalk.com",
                            "cname_prefix": "",
                            "description": "",
                            "id": "e-xk2m3bm6mc",
                            "instances.#": "1",
                            "instances.0": "i-0e42729d68392d1f0",
                            "launch_configurations.#": "1",
                            "launch_configurations.0": "awseb-e-xk2m3bm6mc-stack-AWSEBAutoScalingLaunchConfiguration-ZGCL2HNT5BEI",
                            "load_balancers.#": "1",
                            "load_balancers.0": "arn:aws:elasticloadbalancing:us-west-2:102034828053:loadbalancer/app/awseb-AWSEB-1J7JFWFQ2KR24/548291325cef5526",
                            "name": "django-demo-production",
                            "platform_arn": "arn:aws:elasticbeanstalk:us-west-2::platform/Docker running on 64bit Amazon Linux/2.12.5",
                            "queues.#": "0",
                            "setting.#": "14",
                            "setting.1245515317.name": "SECRET_KEY",
                            "setting.1245515317.namespace": "aws:elasticbeanstalk:application:environment",
                            "setting.1245515317.resource": "",
                            "setting.1245515317.value": "fake",
                            "setting.1311926541.name": "RollingUpdateEnabled",
                            "setting.1311926541.namespace": "aws:autoscaling:updatepolicy:rollingupdate",
                            "setting.1311926541.resource": "",
                            "setting.1311926541.value": "true",
                            "setting.1356267490.name": "SSLCertificateArns",
                            "setting.1356267490.namespace": "aws:elbv2:listener:443",
                            "setting.1356267490.resource": "",
                            "setting.1356267490.value": "arn:aws:acm:us-west-2:102034828053:certificate/b62d4c0a-7d78-41ab-9659-225e3abce04d",
                            "setting.1760653385.name": "Application Healthcheck URL",
                            "setting.1760653385.namespace": "aws:elasticbeanstalk:application",
                            "setting.1760653385.resource": "",
                            "setting.1760653385.value": "/health/",
                            "setting.1865048766.name": "LogPublicationControl",
                            "setting.1865048766.namespace": "aws:elasticbeanstalk:hostmanager",
                            "setting.1865048766.resource": "",
                            "setting.1865048766.value": "true",
                            "setting.2343786000.name": "HealthCheckPath",
                            "setting.2343786000.namespace": "aws:elasticbeanstalk:environment:process:default",
                            "setting.2343786000.resource": "",
                            "setting.2343786000.value": "/health/",
                            "setting.2395212047.name": "IamInstanceProfile",
                            "setting.2395212047.namespace": "aws:autoscaling:launchconfiguration",
                            "setting.2395212047.resource": "",
                            "setting.2395212047.value": "aws-elasticbeanstalk-ec2-role",
                            "setting.2420299722.name": "SystemType",
                            "setting.2420299722.namespace": "aws:elasticbeanstalk:healthreporting:system",
                            "setting.2420299722.resource": "",
                            "setting.2420299722.value": "enhanced",
                            "setting.2936233364.name": "Protocol",
                            "setting.2936233364.namespace": "aws:elbv2:listener:443",
                            "setting.2936233364.resource": "",
                            "setting.2936233364.value": "HTTPS",
                            "setting.3300799582.name": "RetentionInDays",
                            "setting.3300799582.namespace": "aws:elasticbeanstalk:cloudwatch:logs",
                            "setting.3300799582.resource": "",
                            "setting.3300799582.value": "90",
                            "setting.3478105888.name": "StreamLogs",
                            "setting.3478105888.namespace": "aws:elasticbeanstalk:cloudwatch:logs",
                            "setting.3478105888.resource": "",
                            "setting.3478105888.value": "true",
                            "setting.4278593597.name": "LoadBalancerType",
                            "setting.4278593597.namespace": "aws:elasticbeanstalk:environment",
                            "setting.4278593597.resource": "",
                            "setting.4278593597.value": "application",
                            "setting.521029953.name": "InstanceType",
                            "setting.521029953.namespace": "aws:autoscaling:launchconfiguration",
                            "setting.521029953.resource": "",
                            "setting.521029953.value": "t3.micro",
                            "setting.600867921.name": "DATABASE_URL",
                            "setting.600867921.namespace": "aws:elasticbeanstalk:application:environment",
                            "setting.600867921.resource": "",
                            "setting.600867921.value": "psql://djangodemo:foobarbaz@django-demo-production.cbbm56fw3gx6.us-west-2.rds.amazonaws.com:5432/djangodemo",
                            "solution_stack_name": "64bit Amazon Linux 2018.03 v2.12.5 running Docker 18.06.1-ce",
                            "tags.%": "0",
                            "tier": "WebServer",
                            "triggers.#": "0",
                            "version_label": "app-6942-181124_152213",
                            "wait_for_ready_timeout": "20m"
                        },
                        "meta": {
                            "schema_version": "1"
                        },
                        "tainted": false
                    },
                    "deposed": [],
                    "provider": "provider.aws"
                },
                "aws_route53_record.record": {
                    "type": "aws_route53_record",
                    "depends_on": [
                        "aws_elastic_beanstalk_environment.environment",
                        "data.aws_elastic_beanstalk_hosted_zone.current"
                    ],
                    "primary": {
                        "id": "Z19PS2I87US80Z__A",
                        "attributes": {
                            "alias.#": "1",
                            "alias.3356231497.evaluate_target_health": "false",
                            "alias.3356231497.name": "django-demo-production.upmtvdtwe2.us-west-2.elasticbeanstalk.com",
                            "alias.3356231497.zone_id": "Z38NKT9BP95V3O",
                            "allow_overwrite": "true",
                            "fqdn": "django-demo.clintonblackburn.com",
                            "health_check_id": "",
                            "id": "Z19PS2I87US80Z__A",
                            "records.#": "0",
                            "set_identifier": "",
                            "ttl": "0",
                            "type": "A",
                            "zone_id": "Z19PS2I87US80Z"
                        },
                        "meta": {
                            "schema_version": "2"
                        },
                        "tainted": false
                    },
                    "deposed": [],
                    "provider": "provider.aws"
                },
                "data.aws_elastic_beanstalk_hosted_zone.current": {
                    "type": "aws_elastic_beanstalk_hosted_zone",
                    "depends_on": [],
                    "primary": {
                        "id": "Z38NKT9BP95V3O",
                        "attributes": {
                            "id": "Z38NKT9BP95V3O",
                            "region": "us-west-2"
                        },
                        "meta": {},
                        "tainted": false
                    },
                    "deposed": [],
                    "provider": "provider.aws"
                }
            },
            "depends_on": []
        }
    ]
}
