{
    "version": 3,
    "terraform_version": "0.11.10",
    "serial": 31,
    "lineage": "00dddf40-abd3-f918-95f5-48f9b438891b",
    "modules": [
        {
            "path": [
                "root"
            ],
            "outputs": {},
            "resources": {},
            "depends_on": []
        },
        {
            "path": [
                "root",
                "application_cluster"
            ],
            "outputs": {},
            "resources": {
                "aws_db_instance.database": {
                    "type": "aws_db_instance",
                    "depends_on": [],
                    "primary": {
                        "id": "terraform-20181123072113967200000001",
                        "attributes": {
                            "address": "terraform-20181123072113967200000001.cbbm56fw3gx6.us-west-2.rds.amazonaws.com",
                            "allocated_storage": "20",
                            "arn": "arn:aws:rds:us-west-2:102034828053:db:terraform-20181123072113967200000001",
                            "auto_minor_version_upgrade": "true",
                            "availability_zone": "us-west-2c",
                            "backup_retention_period": "0",
                            "backup_window": "12:44-13:14",
                            "ca_cert_identifier": "rds-ca-2015",
                            "copy_tags_to_snapshot": "false",
                            "db_subnet_group_name": "default",
                            "deletion_protection": "false",
                            "domain": "",
                            "domain_iam_role_name": "",
                            "enabled_cloudwatch_logs_exports.#": "0",
                            "endpoint": "terraform-20181123072113967200000001.cbbm56fw3gx6.us-west-2.rds.amazonaws.com:5432",
                            "engine": "postgres",
                            "engine_version": "10.5",
                            "final_snapshot_identifier": "django-demo-production-final",
                            "hosted_zone_id": "Z1PVIF0B656C1W",
                            "iam_database_authentication_enabled": "false",
                            "id": "terraform-20181123072113967200000001",
                            "identifier": "terraform-20181123072113967200000001",
                            "instance_class": "db.t2.micro",
                            "iops": "0",
                            "kms_key_id": "",
                            "license_model": "postgresql-license",
                            "maintenance_window": "tue:08:19-tue:08:49",
                            "monitoring_interval": "0",
                            "multi_az": "false",
                            "name": "djangodemo",
                            "option_group_name": "default:postgres-10",
                            "parameter_group_name": "default.postgres10",
                            "password": "foobarbaz",
                            "port": "5432",
                            "publicly_accessible": "false",
                            "replicas.#": "0",
                            "replicate_source_db": "",
                            "resource_id": "db-32C5PPMEGTTDCSVC7TAQQRSCKY",
                            "security_group_names.#": "0",
                            "skip_final_snapshot": "false",
                            "status": "available",
                            "storage_encrypted": "false",
                            "storage_type": "gp2",
                            "tags.%": "0",
                            "timezone": "",
                            "username": "djangodemo",
                            "vpc_security_group_ids.#": "1",
                            "vpc_security_group_ids.33579513": "sg-eeb09b8a"
                        },
                        "meta": {
                            "e2bfb730-ecaa-11e6-8f88-34363bc7c4c0": {
                                "create": 2400000000000,
                                "delete": 2400000000000,
                                "update": 4800000000000
                            }
                        },
                        "tainted": false
                    },
                    "deposed": [],
                    "provider": "provider.aws"
                },
                "aws_elastic_beanstalk_application.application": {
                    "type": "aws_elastic_beanstalk_application",
                    "depends_on": [],
                    "primary": {
                        "id": "django-demo",
                        "attributes": {
                            "appversion_lifecycle.#": "0",
                            "description": "",
                            "id": "django-demo",
                            "name": "django-demo"
                        },
                        "meta": {},
                        "tainted": false
                    },
                    "deposed": [],
                    "provider": "provider.aws"
                },
                "aws_elastic_beanstalk_environment.environment": {
                    "type": "aws_elastic_beanstalk_environment",
                    "depends_on": [
                        "aws_db_instance.database"
                    ],
                    "primary": {
                        "id": "e-xk2m3bm6mc",
                        "attributes": {
                            "all_settings.#": "101",
                            "all_settings.1036703857.name": "EvaluationPeriods",
                            "all_settings.1036703857.namespace": "aws:autoscaling:trigger",
                            "all_settings.1036703857.resource": "",
                            "all_settings.1036703857.value": "1",
                            "all_settings.1055035439.name": "RootVolumeType",
                            "all_settings.1055035439.namespace": "aws:autoscaling:launchconfiguration",
                            "all_settings.1055035439.resource": "",
                            "all_settings.1055035439.value": "",
                            "all_settings.1152947525.name": "HealthStreamingEnabled",
                            "all_settings.1152947525.namespace": "aws:elasticbeanstalk:cloudwatch:logs:health",
                            "all_settings.1152947525.resource": "",
                            "all_settings.1152947525.value": "false",
                            "all_settings.1194166391.name": "BlockDeviceMappings",
                            "all_settings.1194166391.namespace": "aws:autoscaling:launchconfiguration",
                            "all_settings.1194166391.resource": "",
                            "all_settings.1194166391.value": "/dev/xvdcz=:12:true:gp2",
                            "all_settings.1225551841.name": "Availability Zones",
                            "all_settings.1225551841.namespace": "aws:autoscaling:asg",
                            "all_settings.1225551841.resource": "",
                            "all_settings.1225551841.value": "Any",
                            "all_settings.1245515317.name": "SECRET_KEY",
                            "all_settings.1245515317.namespace": "aws:elasticbeanstalk:application:environment",
                            "all_settings.1245515317.resource": "",
                            "all_settings.1245515317.value": "fake",
                            "all_settings.1275800788.name": "DATABASE_URL",
                            "all_settings.1275800788.namespace": "aws:elasticbeanstalk:application:environment",
                            "all_settings.1275800788.resource": "",
                            "all_settings.1275800788.value": "psql://djangodemo:foobarbaz@terraform-20181123072113967200000001.cbbm56fw3gx6.us-west-2.rds.amazonaws.com:5432/djangodemo",
                            "all_settings.1312309504.name": "MinInstancesInService",
                            "all_settings.1312309504.namespace": "aws:autoscaling:updatepolicy:rollingupdate",
                            "all_settings.1312309504.resource": "",
                            "all_settings.1312309504.value": "",
                            "all_settings.1384328253.name": "ELBScheme",
                            "all_settings.1384328253.namespace": "aws:ec2:vpc",
                            "all_settings.1384328253.resource": "",
                            "all_settings.1384328253.value": "public",
                            "all_settings.1418450284.name": "AssociatePublicIpAddress",
                            "all_settings.1418450284.namespace": "aws:ec2:vpc",
                            "all_settings.1418450284.resource": "",
                            "all_settings.1418450284.value": "",
                            "all_settings.1486045343.name": "UnhealthyThresholdCount",
                            "all_settings.1486045343.namespace": "aws:elasticbeanstalk:environment:process:default",
                            "all_settings.1486045343.resource": "",
                            "all_settings.1486045343.value": "5",
                            "all_settings.1487137936.name": "IgnoreHealthCheck",
                            "all_settings.1487137936.namespace": "aws:elasticbeanstalk:command",
                            "all_settings.1487137936.resource": "",
                            "all_settings.1487137936.value": "false",
                            "all_settings.1489044155.name": "DeregistrationDelay",
                            "all_settings.1489044155.namespace": "aws:elasticbeanstalk:environment:process:default",
                            "all_settings.1489044155.resource": "",
                            "all_settings.1489044155.value": "20",
                            "all_settings.1584820072.name": "Custom Availability Zones",
                            "all_settings.1584820072.namespace": "aws:autoscaling:asg",
                            "all_settings.1584820072.resource": "",
                            "all_settings.1584820072.value": "",
                            "all_settings.172574382.name": "HooksPkgUrl",
                            "all_settings.172574382.namespace": "aws:cloudformation:template:parameter",
                            "all_settings.172574382.resource": "",
                            "all_settings.172574382.value": "https://s3.dualstack.us-west-2.amazonaws.com/elasticbeanstalk-env-resources-us-west-2/stalks/eb_docker_4.2.1.200570.0/lib/hooks.tar.gz",
                            "all_settings.1753983171.name": "Port",
                            "all_settings.1753983171.namespace": "aws:elasticbeanstalk:environment:process:default",
                            "all_settings.1753983171.resource": "",
                            "all_settings.1753983171.value": "80",
                            "all_settings.1824390401.name": "Notification Topic ARN",
                            "all_settings.1824390401.namespace": "aws:elasticbeanstalk:sns:topics",
                            "all_settings.1824390401.resource": "",
                            "all_settings.1824390401.value": "",
                            "all_settings.1853127076.name": "Notification Endpoint",
                            "all_settings.1853127076.namespace": "aws:elasticbeanstalk:sns:topics",
                            "all_settings.1853127076.resource": "",
                            "all_settings.1853127076.value": "",
                            "all_settings.2069749971.name": "ProxyServer",
                            "all_settings.2069749971.namespace": "aws:elasticbeanstalk:environment:proxy",
                            "all_settings.2069749971.resource": "",
                            "all_settings.2069749971.value": "nginx",
                            "all_settings.2071927441.name": "ELBSubnets",
                            "all_settings.2071927441.namespace": "aws:ec2:vpc",
                            "all_settings.2071927441.resource": "",
                            "all_settings.2071927441.value": "",
                            "all_settings.2207777926.name": "StreamLogs",
                            "all_settings.2207777926.namespace": "aws:elasticbeanstalk:cloudwatch:logs",
                            "all_settings.2207777926.resource": "",
                            "all_settings.2207777926.value": "false",
                            "all_settings.2210680385.name": "LaunchType",
                            "all_settings.2210680385.namespace": "aws:elasticbeanstalk:control",
                            "all_settings.2210680385.resource": "",
                            "all_settings.2210680385.value": "Migration",
                            "all_settings.2308210129.name": "Subnets",
                            "all_settings.2308210129.namespace": "aws:ec2:vpc",
                            "all_settings.2308210129.resource": "",
                            "all_settings.2308210129.value": "",
                            "all_settings.2361522594.name": "DeleteOnTerminate",
                            "all_settings.2361522594.namespace": "aws:elasticbeanstalk:cloudwatch:logs:health",
                            "all_settings.2361522594.resource": "",
                            "all_settings.2361522594.value": "false",
                            "all_settings.2378924418.name": "PreferredStartTime",
                            "all_settings.2378924418.namespace": "aws:elasticbeanstalk:managedactions",
                            "all_settings.2378924418.resource": "",
                            "all_settings.2378924418.value": "",
                            "all_settings.2395212047.name": "IamInstanceProfile",
                            "all_settings.2395212047.namespace": "aws:autoscaling:launchconfiguration",
                            "all_settings.2395212047.resource": "",
                            "all_settings.2395212047.value": "aws-elasticbeanstalk-ec2-role",
                            "all_settings.2396587397.name": "MinSize",
                            "all_settings.2396587397.namespace": "aws:autoscaling:asg",
                            "all_settings.2396587397.resource": "",
                            "all_settings.2396587397.value": "1",
                            "all_settings.2402433859.name": "Period",
                            "all_settings.2402433859.namespace": "aws:autoscaling:trigger",
                            "all_settings.2402433859.resource": "",
                            "all_settings.2402433859.value": "5",
                            "all_settings.240742627.name": "UpperBreachScaleIncrement",
                            "all_settings.240742627.namespace": "aws:autoscaling:trigger",
                            "all_settings.240742627.resource": "",
                            "all_settings.240742627.value": "1",
                            "all_settings.2452897580.name": "ListenerEnabled",
                            "all_settings.2452897580.namespace": "aws:elbv2:listener:default",
                            "all_settings.2452897580.resource": "",
                            "all_settings.2452897580.value": "true",
                            "all_settings.2492456712.name": "LogPublicationControl",
                            "all_settings.2492456712.namespace": "aws:elasticbeanstalk:hostmanager",
                            "all_settings.2492456712.resource": "",
                            "all_settings.2492456712.value": "false",
                            "all_settings.2521334252.name": "InstanceRefreshEnabled",
                            "all_settings.2521334252.namespace": "aws:elasticbeanstalk:managedactions:platformupdate",
                            "all_settings.2521334252.resource": "",
                            "all_settings.2521334252.value": "false",
                            "all_settings.2558821935.name": "PauseTime",
                            "all_settings.2558821935.namespace": "aws:autoscaling:updatepolicy:rollingupdate",
                            "all_settings.2558821935.resource": "",
                            "all_settings.2558821935.value": "",
                            "all_settings.2562018288.name": "Protocol",
                            "all_settings.2562018288.namespace": "aws:elbv2:listener:default",
                            "all_settings.2562018288.resource": "",
                            "all_settings.2562018288.value": "HTTP",
                            "all_settings.2578083670.name": "InstancePort",
                            "all_settings.2578083670.namespace": "aws:cloudformation:template:parameter",
                            "all_settings.2578083670.resource": "",
                            "all_settings.2578083670.value": "80",
                            "all_settings.2729550507.name": "EC2KeyName",
                            "all_settings.2729550507.namespace": "aws:autoscaling:launchconfiguration",
                            "all_settings.2729550507.resource": "",
                            "all_settings.2729550507.value": "aws-personal",
                            "all_settings.278953024.name": "SecurityGroups",
                            "all_settings.278953024.namespace": "aws:autoscaling:launchconfiguration",
                            "all_settings.278953024.resource": "",
                            "all_settings.278953024.value": "default",
                            "all_settings.2824564098.name": "RollingUpdateType",
                            "all_settings.2824564098.namespace": "aws:autoscaling:updatepolicy:rollingupdate",
                            "all_settings.2824564098.resource": "",
                            "all_settings.2824564098.value": "Time",
                            "all_settings.28260639.name": "Application Healthcheck URL",
                            "all_settings.28260639.namespace": "aws:elasticbeanstalk:application",
                            "all_settings.28260639.resource": "",
                            "all_settings.28260639.value": "",
                            "all_settings.2929485696.name": "EnvironmentType",
                            "all_settings.2929485696.namespace": "aws:elasticbeanstalk:environment",
                            "all_settings.2929485696.resource": "",
                            "all_settings.2929485696.value": "LoadBalanced",
                            "all_settings.3015342560.name": "AccessLogsS3Enabled",
                            "all_settings.3015342560.namespace": "aws:elbv2:loadbalancer",
                            "all_settings.3015342560.resource": "",
                            "all_settings.3015342560.value": "false",
                            "all_settings.3145030458.name": "Rules",
                            "all_settings.3145030458.namespace": "aws:elbv2:listener:default",
                            "all_settings.3145030458.resource": "",
                            "all_settings.3145030458.value": "",
                            "all_settings.3152718484.name": "StickinessLBCookieDuration",
                            "all_settings.3152718484.namespace": "aws:elasticbeanstalk:environment:process:default",
                            "all_settings.3152718484.resource": "",
                            "all_settings.3152718484.value": "86400",
                            "all_settings.3233467645.name": "SSLCertificateArns",
                            "all_settings.3233467645.namespace": "aws:elbv2:listener:default",
                            "all_settings.3233467645.resource": "",
                            "all_settings.3233467645.value": "",
                            "all_settings.3243179558.name": "ExternalExtensionsS3Key",
                            "all_settings.3243179558.namespace": "aws:elasticbeanstalk:environment",
                            "all_settings.3243179558.resource": "",
                            "all_settings.3243179558.value": "",
                            "all_settings.3263411188.name": "RootVolumeIOPS",
                            "all_settings.3263411188.namespace": "aws:autoscaling:launchconfiguration",
                            "all_settings.3263411188.resource": "",
                            "all_settings.3263411188.value": "",
                            "all_settings.3305636593.name": "UpperThreshold",
                            "all_settings.3305636593.namespace": "aws:autoscaling:trigger",
                            "all_settings.3305636593.resource": "",
                            "all_settings.3305636593.value": "6000000",
                            "all_settings.3334874421.name": "RollingUpdateEnabled",
                            "all_settings.3334874421.namespace": "aws:autoscaling:updatepolicy:rollingupdate",
                            "all_settings.3334874421.resource": "",
                            "all_settings.3334874421.value": "false",
                            "all_settings.3347481749.name": "AccessLogsS3Prefix",
                            "all_settings.3347481749.namespace": "aws:elbv2:loadbalancer",
                            "all_settings.3347481749.resource": "",
                            "all_settings.3347481749.value": "",
                            "all_settings.3354438189.name": "Timeout",
                            "all_settings.3354438189.namespace": "aws:autoscaling:updatepolicy:rollingupdate",
                            "all_settings.3354438189.resource": "",
                            "all_settings.3354438189.value": "PT30M",
                            "all_settings.3396910454.name": "HealthCheckSuccessThreshold",
                            "all_settings.3396910454.namespace": "aws:elasticbeanstalk:healthreporting:system",
                            "all_settings.3396910454.resource": "",
                            "all_settings.3396910454.value": "Ok",
                            "all_settings.3402994671.name": "Statistic",
                            "all_settings.3402994671.namespace": "aws:autoscaling:trigger",
                            "all_settings.3402994671.resource": "",
                            "all_settings.3402994671.value": "Average",
                            "all_settings.3405464736.name": "Protocol",
                            "all_settings.3405464736.namespace": "aws:elasticbeanstalk:environment:process:default",
                            "all_settings.3405464736.resource": "",
                            "all_settings.3405464736.value": "HTTP",
                            "all_settings.3438018982.name": "MonitoringInterval",
                            "all_settings.3438018982.namespace": "aws:autoscaling:launchconfiguration",
                            "all_settings.3438018982.resource": "",
                            "all_settings.3438018982.value": "5 minute",
                            "all_settings.3450082806.name": "DeleteOnTerminate",
                            "all_settings.3450082806.namespace": "aws:elasticbeanstalk:cloudwatch:logs",
                            "all_settings.3450082806.resource": "",
                            "all_settings.3450082806.value": "false",
                            "all_settings.3496875314.name": "LowerThreshold",
                            "all_settings.3496875314.namespace": "aws:autoscaling:trigger",
                            "all_settings.3496875314.resource": "",
                            "all_settings.3496875314.value": "2000000",
                            "all_settings.3511459446.name": "RootVolumeSize",
                            "all_settings.3511459446.namespace": "aws:autoscaling:launchconfiguration",
                            "all_settings.3511459446.resource": "",
                            "all_settings.3511459446.value": "",
                            "all_settings.3521293720.name": "ServiceRole",
                            "all_settings.3521293720.namespace": "aws:elasticbeanstalk:environment",
                            "all_settings.3521293720.resource": "",
                            "all_settings.3521293720.value": "AWSServiceRoleForElasticBeanstalk",
                            "all_settings.3528519090.name": "MatcherHTTPCode",
                            "all_settings.3528519090.namespace": "aws:elasticbeanstalk:environment:process:default",
                            "all_settings.3528519090.resource": "",
                            "all_settings.3528519090.value": "",
                            "all_settings.3545041252.name": "Unit",
                            "all_settings.3545041252.namespace": "aws:autoscaling:trigger",
                            "all_settings.3545041252.resource": "",
                            "all_settings.3545041252.value": "Bytes",
                            "all_settings.3562806315.name": "InstanceTypeFamily",
                            "all_settings.3562806315.namespace": "aws:cloudformation:template:parameter",
                            "all_settings.3562806315.resource": "",
                            "all_settings.3562806315.value": "t3",
                            "all_settings.3578234322.name": "SystemType",
                            "all_settings.3578234322.namespace": "aws:elasticbeanstalk:healthreporting:system",
                            "all_settings.3578234322.resource": "",
                            "all_settings.3578234322.value": "basic",
                            "all_settings.3584475532.name": "Notification Topic Name",
                            "all_settings.3584475532.namespace": "aws:elasticbeanstalk:sns:topics",
                            "all_settings.3584475532.resource": "",
                            "all_settings.3584475532.value": "",
                            "all_settings.3603622424.name": "ManagedActionsEnabled",
                            "all_settings.3603622424.namespace": "aws:elasticbeanstalk:managedactions",
                            "all_settings.3603622424.resource": "",
                            "all_settings.3603622424.value": "false",
                            "all_settings.3615478791.name": "MaxBatchSize",
                            "all_settings.3615478791.namespace": "aws:autoscaling:updatepolicy:rollingupdate",
                            "all_settings.3615478791.resource": "",
                            "all_settings.3615478791.value": "",
                            "all_settings.3615826456.name": "ExternalExtensionsS3Bucket",
                            "all_settings.3615826456.namespace": "aws:elasticbeanstalk:environment",
                            "all_settings.3615826456.resource": "",
                            "all_settings.3615826456.value": "",
                            "all_settings.3636142198.name": "HealthyThresholdCount",
                            "all_settings.3636142198.namespace": "aws:elasticbeanstalk:environment:process:default",
                            "all_settings.3636142198.resource": "",
                            "all_settings.3636142198.value": "3",
                            "all_settings.3648591417.name": "Cooldown",
                            "all_settings.3648591417.namespace": "aws:autoscaling:asg",
                            "all_settings.3648591417.resource": "",
                            "all_settings.3648591417.value": "360",
                            "all_settings.3681839360.name": "HealthCheckInterval",
                            "all_settings.3681839360.namespace": "aws:elasticbeanstalk:environment:process:default",
                            "all_settings.3681839360.resource": "",
                            "all_settings.3681839360.value": "15",
                            "all_settings.3705073300.name": "Notification Protocol",
                            "all_settings.3705073300.namespace": "aws:elasticbeanstalk:sns:topics",
                            "all_settings.3705073300.resource": "",
                            "all_settings.3705073300.value": "email",
                            "all_settings.3708017666.name": "LowerBreachScaleIncrement",
                            "all_settings.3708017666.namespace": "aws:autoscaling:trigger",
                            "all_settings.3708017666.resource": "",
                            "all_settings.3708017666.value": "-1",
                            "all_settings.3741351212.name": "IdleTimeout",
                            "all_settings.3741351212.namespace": "aws:elbv2:loadbalancer",
                            "all_settings.3741351212.resource": "",
                            "all_settings.3741351212.value": "",
                            "all_settings.3768277227.name": "ConfigDocument",
                            "all_settings.3768277227.namespace": "aws:elasticbeanstalk:healthreporting:system",
                            "all_settings.3768277227.resource": "",
                            "all_settings.3768277227.value": "{\"Version\":1,\"CloudWatchMetrics\":{\"Instance\":{\"CPUIrq\":null,\"LoadAverage5min\":null,\"ApplicationRequests5xx\":null,\"ApplicationRequests4xx\":null,\"CPUUser\":null,\"LoadAverage1min\":null,\"ApplicationLatencyP50\":null,\"CPUIdle\":null,\"InstanceHealth\":null,\"ApplicationLatencyP95\":null,\"ApplicationLatencyP85\":null,\"RootFilesystemUtil\":null,\"ApplicationLatencyP90\":null,\"CPUSystem\":null,\"ApplicationLatencyP75\":null,\"CPUSoftirq\":null,\"ApplicationLatencyP10\":null,\"ApplicationLatencyP99\":null,\"ApplicationRequestsTotal\":null,\"ApplicationLatencyP99.9\":null,\"ApplicationRequests3xx\":null,\"ApplicationRequests2xx\":null,\"CPUIowait\":null,\"CPUNice\":null},\"Environment\":{\"InstancesSevere\":null,\"InstancesDegraded\":null,\"ApplicationRequests5xx\":null,\"ApplicationRequests4xx\":null,\"ApplicationLatencyP50\":null,\"ApplicationLatencyP95\":null,\"ApplicationLatencyP85\":null,\"InstancesUnknown\":null,\"ApplicationLatencyP90\":null,\"InstancesInfo\":null,\"InstancesPending\":null,\"ApplicationLatencyP75\":null,\"ApplicationLatencyP10\":null,\"ApplicationLatencyP99\":null,\"ApplicationRequestsTotal\":null,\"InstancesNoData\":null,\"ApplicationLatencyP99.9\":null,\"ApplicationRequests3xx\":null,\"ApplicationRequests2xx\":null,\"InstancesOk\":null,\"InstancesWarning\":null}}}",
                            "all_settings.378142286.name": "SSLPolicy",
                            "all_settings.378142286.namespace": "aws:elbv2:listener:default",
                            "all_settings.378142286.resource": "",
                            "all_settings.378142286.value": "",
                            "all_settings.3859948494.name": "RetentionInDays",
                            "all_settings.3859948494.namespace": "aws:elasticbeanstalk:cloudwatch:logs:health",
                            "all_settings.3859948494.resource": "",
                            "all_settings.3859948494.value": "7",
                            "all_settings.3892308011.name": "HealthCheckTimeout",
                            "all_settings.3892308011.namespace": "aws:elasticbeanstalk:environment:process:default",
                            "all_settings.3892308011.resource": "",
                            "all_settings.3892308011.value": "5",
                            "all_settings.3929976136.name": "BatchSize",
                            "all_settings.3929976136.namespace": "aws:elasticbeanstalk:command",
                            "all_settings.3929976136.resource": "",
                            "all_settings.3929976136.value": "100",
                            "all_settings.3949385854.name": "VPCId",
                            "all_settings.3949385854.namespace": "aws:ec2:vpc",
                            "all_settings.3949385854.resource": "",
                            "all_settings.3949385854.value": "",
                            "all_settings.395364208.name": "DefaultProcess",
                            "all_settings.395364208.namespace": "aws:elbv2:listener:default",
                            "all_settings.395364208.resource": "",
                            "all_settings.395364208.value": "default",
                            "all_settings.3954854762.name": "ImageId",
                            "all_settings.3954854762.namespace": "aws:autoscaling:launchconfiguration",
                            "all_settings.3954854762.resource": "",
                            "all_settings.3954854762.value": "ami-0a6127d629a6b6a45",
                            "all_settings.3981805791.name": "Automatically Terminate Unhealthy Instances",
                            "all_settings.3981805791.namespace": "aws:elasticbeanstalk:monitoring",
                            "all_settings.3981805791.resource": "",
                            "all_settings.3981805791.value": "true",
                            "all_settings.4049442346.name": "MeasureName",
                            "all_settings.4049442346.namespace": "aws:autoscaling:trigger",
                            "all_settings.4049442346.resource": "",
                            "all_settings.4049442346.value": "NetworkOut",
                            "all_settings.4064781023.name": "AccessLogsS3Bucket",
                            "all_settings.4064781023.namespace": "aws:elbv2:loadbalancer",
                            "all_settings.4064781023.resource": "",
                            "all_settings.4064781023.value": "",
                            "all_settings.4100247781.name": "BreachDuration",
                            "all_settings.4100247781.namespace": "aws:autoscaling:trigger",
                            "all_settings.4100247781.resource": "",
                            "all_settings.4100247781.value": "5",
                            "all_settings.4136940953.name": "UpdateLevel",
                            "all_settings.4136940953.namespace": "aws:elasticbeanstalk:managedactions:platformupdate",
                            "all_settings.4136940953.resource": "",
                            "all_settings.4136940953.value": "",
                            "all_settings.4167503353.name": "LaunchTimeout",
                            "all_settings.4167503353.namespace": "aws:elasticbeanstalk:control",
                            "all_settings.4167503353.resource": "",
                            "all_settings.4167503353.value": "0",
                            "all_settings.4278593597.name": "LoadBalancerType",
                            "all_settings.4278593597.namespace": "aws:elasticbeanstalk:environment",
                            "all_settings.4278593597.resource": "",
                            "all_settings.4278593597.value": "application",
                            "all_settings.431320480.name": "EnvironmentVariables",
                            "all_settings.431320480.namespace": "aws:cloudformation:template:parameter",
                            "all_settings.431320480.resource": "",
                            "all_settings.431320480.value": "DATABASE_URL=psql://djangodemo:foobarbaz@terraform-20181123072113967200000001.cbbm56fw3gx6.us-west-2.rds.amazonaws.com:5432/djangodemo,SECRET_KEY=fake",
                            "all_settings.433110370.name": "DefaultSSHPort",
                            "all_settings.433110370.namespace": "aws:elasticbeanstalk:control",
                            "all_settings.433110370.resource": "",
                            "all_settings.433110370.value": "22",
                            "all_settings.502734328.name": "SSHSourceRestriction",
                            "all_settings.502734328.namespace": "aws:autoscaling:launchconfiguration",
                            "all_settings.502734328.resource": "",
                            "all_settings.502734328.value": "tcp,22,22,0.0.0.0/0",
                            "all_settings.521029953.name": "InstanceType",
                            "all_settings.521029953.namespace": "aws:autoscaling:launchconfiguration",
                            "all_settings.521029953.resource": "",
                            "all_settings.521029953.value": "t3.micro",
                            "all_settings.540077731.name": "StickinessType",
                            "all_settings.540077731.namespace": "aws:elasticbeanstalk:environment:process:default",
                            "all_settings.540077731.resource": "",
                            "all_settings.540077731.value": "lb_cookie",
                            "all_settings.614420664.name": "SecurityGroups",
                            "all_settings.614420664.namespace": "aws:elbv2:loadbalancer",
                            "all_settings.614420664.resource": "",
                            "all_settings.614420664.value": "",
                            "all_settings.666579914.name": "AppSource",
                            "all_settings.666579914.namespace": "aws:cloudformation:template:parameter",
                            "all_settings.666579914.resource": "",
                            "all_settings.666579914.value": "https://s3-us-west-2.amazonaws.com/elasticbeanstalk-samples-us-west-2/docker-sample-v3.zip",
                            "all_settings.693650251.name": "MaxSize",
                            "all_settings.693650251.namespace": "aws:autoscaling:asg",
                            "all_settings.693650251.resource": "",
                            "all_settings.693650251.value": "4",
                            "all_settings.747815089.name": "BatchSizeType",
                            "all_settings.747815089.namespace": "aws:elasticbeanstalk:command",
                            "all_settings.747815089.resource": "",
                            "all_settings.747815089.value": "Percentage",
                            "all_settings.837442677.name": "StickinessEnabled",
                            "all_settings.837442677.namespace": "aws:elasticbeanstalk:environment:process:default",
                            "all_settings.837442677.resource": "",
                            "all_settings.837442677.value": "false",
                            "all_settings.881749867.name": "Timeout",
                            "all_settings.881749867.namespace": "aws:elasticbeanstalk:command",
                            "all_settings.881749867.resource": "",
                            "all_settings.881749867.value": "600",
                            "all_settings.901683622.name": "HealthCheckPath",
                            "all_settings.901683622.namespace": "aws:elasticbeanstalk:environment:process:default",
                            "all_settings.901683622.resource": "",
                            "all_settings.901683622.value": "/",
                            "all_settings.934067176.name": "RetentionInDays",
                            "all_settings.934067176.namespace": "aws:elasticbeanstalk:cloudwatch:logs",
                            "all_settings.934067176.resource": "",
                            "all_settings.934067176.value": "7",
                            "all_settings.940069638.name": "RollbackLaunchOnFailure",
                            "all_settings.940069638.namespace": "aws:elasticbeanstalk:control",
                            "all_settings.940069638.resource": "",
                            "all_settings.940069638.value": "false",
                            "application": "django-demo",
                            "arn": "arn:aws:elasticbeanstalk:us-west-2:102034828053:environment/django-demo/django-demo-production",
                            "autoscaling_groups.#": "1",
                            "autoscaling_groups.0": "awseb-e-xk2m3bm6mc-stack-AWSEBAutoScalingGroup-GAZUCYSFFK78",
                            "cname": "django-demo-production.upmtvdtwe2.us-west-2.elasticbeanstalk.com",
                            "cname_prefix": "",
                            "description": "",
                            "id": "e-xk2m3bm6mc",
                            "instances.#": "1",
                            "instances.0": "i-024cfa9017a6f8529",
                            "launch_configurations.#": "1",
                            "launch_configurations.0": "awseb-e-xk2m3bm6mc-stack-AWSEBAutoScalingLaunchConfiguration-148WXZURSOSIP",
                            "load_balancers.#": "1",
                            "load_balancers.0": "arn:aws:elasticloadbalancing:us-west-2:102034828053:loadbalancer/app/awseb-AWSEB-1J7JFWFQ2KR24/548291325cef5526",
                            "name": "django-demo-production",
                            "platform_arn": "arn:aws:elasticbeanstalk:us-west-2::platform/Docker running on 64bit Amazon Linux/2.12.5",
                            "queues.#": "0",
                            "setting.#": "5",
                            "setting.1245515317.name": "SECRET_KEY",
                            "setting.1245515317.namespace": "aws:elasticbeanstalk:application:environment",
                            "setting.1245515317.resource": "",
                            "setting.1245515317.value": "fake",
                            "setting.1275800788.name": "DATABASE_URL",
                            "setting.1275800788.namespace": "aws:elasticbeanstalk:application:environment",
                            "setting.1275800788.resource": "",
                            "setting.1275800788.value": "psql://djangodemo:foobarbaz@terraform-20181123072113967200000001.cbbm56fw3gx6.us-west-2.rds.amazonaws.com:5432/djangodemo",
                            "setting.2395212047.name": "IamInstanceProfile",
                            "setting.2395212047.namespace": "aws:autoscaling:launchconfiguration",
                            "setting.2395212047.resource": "",
                            "setting.2395212047.value": "aws-elasticbeanstalk-ec2-role",
                            "setting.4278593597.name": "LoadBalancerType",
                            "setting.4278593597.namespace": "aws:elasticbeanstalk:environment",
                            "setting.4278593597.resource": "",
                            "setting.4278593597.value": "application",
                            "setting.521029953.name": "InstanceType",
                            "setting.521029953.namespace": "aws:autoscaling:launchconfiguration",
                            "setting.521029953.resource": "",
                            "setting.521029953.value": "t3.micro",
                            "solution_stack_name": "64bit Amazon Linux 2018.03 v2.12.5 running Docker 18.06.1-ce",
                            "tags.%": "0",
                            "tier": "WebServer",
                            "triggers.#": "0",
                            "version_label": "app-2c6a-181123_102158",
                            "wait_for_ready_timeout": "20m"
                        },
                        "meta": {
                            "schema_version": "1"
                        },
                        "tainted": false
                    },
                    "deposed": [],
                    "provider": "provider.aws"
                }
            },
            "depends_on": []
        }
    ]
}
